// !$*UTF8*$!
{
	archiveVersion = 1;
	classes = {
	};
	objectVersion = 56;
	objects = {

/* Begin PBXBuildFile section */
		C1220ADD29EA93E40036BCAD /* SearchView.swift in Sources */ = {isa = PBXBuildFile; fileRef = C1220ADC29EA93E40036BCAD /* SearchView.swift */; };
		C1220ADF29EAF6E20036BCAD /* DetailSearchView.swift in Sources */ = {isa = PBXBuildFile; fileRef = C1220ADE29EAF6E20036BCAD /* DetailSearchView.swift */; };
		C1220AE529ED7DB80036BCAD /* DetailSetPlaylist.swift in Sources */ = {isa = PBXBuildFile; fileRef = C1220AE429ED7DB80036BCAD /* DetailSetPlaylist.swift */; };
		C1220AE729ED7F1F0036BCAD /* SearchModel.swift in Sources */ = {isa = PBXBuildFile; fileRef = C1220AE629ED7F1F0036BCAD /* SearchModel.swift */; };
		C1220AE929ED7FF70036BCAD /* SearchViewModel.swift in Sources */ = {isa = PBXBuildFile; fileRef = C1220AE829ED7FF70036BCAD /* SearchViewModel.swift */; };
		C1220AEB29ED8C660036BCAD /* DetailSearchViewModel.swift in Sources */ = {isa = PBXBuildFile; fileRef = C1220AEA29ED8C660036BCAD /* DetailSearchViewModel.swift */; };
		C1220AEE29EE9DD10036BCAD /* BlurView.swift in Sources */ = {isa = PBXBuildFile; fileRef = C1220AED29EE9DD10036BCAD /* BlurView.swift */; };
		C1220AF029EED3BE0036BCAD /* MiniPlayer.swift in Sources */ = {isa = PBXBuildFile; fileRef = C1220AEF29EED3BE0036BCAD /* MiniPlayer.swift */; };
		C1220AF229EED5160036BCAD /* ExpandPlayer.swift in Sources */ = {isa = PBXBuildFile; fileRef = C1220AF129EED5160036BCAD /* ExpandPlayer.swift */; };
		C1220AF429EFCA270036BCAD /* TimeTrackView.swift in Sources */ = {isa = PBXBuildFile; fileRef = C1220AF329EFCA270036BCAD /* TimeTrackView.swift */; };
		C1220AF629EFCABD0036BCAD /* PlaybackTrackView.swift in Sources */ = {isa = PBXBuildFile; fileRef = C1220AF529EFCABD0036BCAD /* PlaybackTrackView.swift */; };
		C1220AF829EFCB660036BCAD /* BottomPanel.swift in Sources */ = {isa = PBXBuildFile; fileRef = C1220AF729EFCB660036BCAD /* BottomPanel.swift */; };
		C1220AFC29EFD01D0036BCAD /* SearchBar.swift in Sources */ = {isa = PBXBuildFile; fileRef = C1220AFB29EFD01D0036BCAD /* SearchBar.swift */; };
		C1220AFE29EFFBBC0036BCAD /* SearchTextField.swift in Sources */ = {isa = PBXBuildFile; fileRef = C1220AFD29EFFBBC0036BCAD /* SearchTextField.swift */; };
		C1220B0029F002100036BCAD /* SearchAlbumAndTrack.swift in Sources */ = {isa = PBXBuildFile; fileRef = C1220AFF29F002100036BCAD /* SearchAlbumAndTrack.swift */; };
		C1220B0429F003420036BCAD /* TrackRow.swift in Sources */ = {isa = PBXBuildFile; fileRef = C1220B0329F003420036BCAD /* TrackRow.swift */; };
		C1220B0629F0034E0036BCAD /* AlbumRow.swift in Sources */ = {isa = PBXBuildFile; fileRef = C1220B0529F0034E0036BCAD /* AlbumRow.swift */; };
		C1220B0D29F017CD0036BCAD /* SearchCategory.swift in Sources */ = {isa = PBXBuildFile; fileRef = C1220B0C29F017CD0036BCAD /* SearchCategory.swift */; };
		C1220B0F29F01AB40036BCAD /* PlugView.swift in Sources */ = {isa = PBXBuildFile; fileRef = C1220B0E29F01AB40036BCAD /* PlugView.swift */; };
		C12CCEE229DD8C4F0027F593 /* RadioView.swift in Sources */ = {isa = PBXBuildFile; fileRef = C12CCEE129DD8C4F0027F593 /* RadioView.swift */; };
		C12CCEE429DDA1720027F593 /* RadioModel.swift in Sources */ = {isa = PBXBuildFile; fileRef = C12CCEE329DDA1720027F593 /* RadioModel.swift */; };
		C12CCEE629DDA2CE0027F593 /* RadioViewModel.swift in Sources */ = {isa = PBXBuildFile; fileRef = C12CCEE529DDA2CE0027F593 /* RadioViewModel.swift */; };
		C12CCEF629DDCBE10027F593 /* HorizontalPlaylistRow.swift in Sources */ = {isa = PBXBuildFile; fileRef = C12CCEF529DDCBE10027F593 /* HorizontalPlaylistRow.swift */; };
		C12CCEF829DDCC1B0027F593 /* RadioStationsRow.swift in Sources */ = {isa = PBXBuildFile; fileRef = C12CCEF729DDCC1B0027F593 /* RadioStationsRow.swift */; };
		C12F7CF229F1633A0091B9C3 /* KeyboardReadable.swift in Sources */ = {isa = PBXBuildFile; fileRef = C12F7CF129F1633A0091B9C3 /* KeyboardReadable.swift */; };
		C143A37829D5A16F00B86503 /* MediaViewModel.swift in Sources */ = {isa = PBXBuildFile; fileRef = C143A37729D5A16F00B86503 /* MediaViewModel.swift */; };
		C18CF5B929D488C800CCC443 /* AppleMusicSwiftUIApp.swift in Sources */ = {isa = PBXBuildFile; fileRef = C18CF5B829D488C800CCC443 /* AppleMusicSwiftUIApp.swift */; };
		C18CF5BB29D488C800CCC443 /* ContentView.swift in Sources */ = {isa = PBXBuildFile; fileRef = C18CF5BA29D488C800CCC443 /* ContentView.swift */; };
		C18CF5BD29D488CA00CCC443 /* Assets.xcassets in Resources */ = {isa = PBXBuildFile; fileRef = C18CF5BC29D488CA00CCC443 /* Assets.xcassets */; };
		C18CF5C029D488CA00CCC443 /* Preview Assets.xcassets in Resources */ = {isa = PBXBuildFile; fileRef = C18CF5BF29D488CA00CCC443 /* Preview Assets.xcassets */; };
		C18CF5CA29D489D900CCC443 /* MediaView.swift in Sources */ = {isa = PBXBuildFile; fileRef = C18CF5C929D489D800CCC443 /* MediaView.swift */; };
		C18CF5CC29D48A3600CCC443 /* PlayerView.swift in Sources */ = {isa = PBXBuildFile; fileRef = C18CF5CB29D48A3600CCC443 /* PlayerView.swift */; };
		C18CF5D029D48A7200CCC443 /* TabViewAppleMusic.swift in Sources */ = {isa = PBXBuildFile; fileRef = C18CF5CF29D48A7200CCC443 /* TabViewAppleMusic.swift */; };
		C18CF5D229D48E3D00CCC443 /* MediaList.swift in Sources */ = {isa = PBXBuildFile; fileRef = C18CF5D129D48E3D00CCC443 /* MediaList.swift */; };
		C18CF5D829D4914900CCC443 /* MediaModel.swift in Sources */ = {isa = PBXBuildFile; fileRef = C18CF5D729D4914900CCC443 /* MediaModel.swift */; };
		C18CF5DB29D4942700CCC443 /* MediaRow.swift in Sources */ = {isa = PBXBuildFile; fileRef = C18CF5DA29D4942700CCC443 /* MediaRow.swift */; };
		C18CF5DE29D55DCB00CCC443 /* EditMode+Ext.swift in Sources */ = {isa = PBXBuildFile; fileRef = C18CF5DD29D55DCB00CCC443 /* EditMode+Ext.swift */; };
		C18CF5E129D571C500CCC443 /* Colors.swift in Sources */ = {isa = PBXBuildFile; fileRef = C18CF5E029D571C500CCC443 /* Colors.swift */; };
/* End PBXBuildFile section */

/* Begin PBXFileReference section */
		C1220ADC29EA93E40036BCAD /* SearchView.swift */ = {isa = PBXFileReference; lastKnownFileType = sourcecode.swift; path = SearchView.swift; sourceTree = "<group>"; };
		C1220ADE29EAF6E20036BCAD /* DetailSearchView.swift */ = {isa = PBXFileReference; lastKnownFileType = sourcecode.swift; path = DetailSearchView.swift; sourceTree = "<group>"; };
		C1220AE429ED7DB80036BCAD /* DetailSetPlaylist.swift */ = {isa = PBXFileReference; lastKnownFileType = sourcecode.swift; path = DetailSetPlaylist.swift; sourceTree = "<group>"; };
		C1220AE629ED7F1F0036BCAD /* SearchModel.swift */ = {isa = PBXFileReference; lastKnownFileType = sourcecode.swift; path = SearchModel.swift; sourceTree = "<group>"; };
		C1220AE829ED7FF70036BCAD /* SearchViewModel.swift */ = {isa = PBXFileReference; lastKnownFileType = sourcecode.swift; path = SearchViewModel.swift; sourceTree = "<group>"; };
		C1220AEA29ED8C660036BCAD /* DetailSearchViewModel.swift */ = {isa = PBXFileReference; lastKnownFileType = sourcecode.swift; path = DetailSearchViewModel.swift; sourceTree = "<group>"; };
		C1220AED29EE9DD10036BCAD /* BlurView.swift */ = {isa = PBXFileReference; lastKnownFileType = sourcecode.swift; path = BlurView.swift; sourceTree = "<group>"; };
		C1220AEF29EED3BE0036BCAD /* MiniPlayer.swift */ = {isa = PBXFileReference; lastKnownFileType = sourcecode.swift; path = MiniPlayer.swift; sourceTree = "<group>"; };
		C1220AF129EED5160036BCAD /* ExpandPlayer.swift */ = {isa = PBXFileReference; lastKnownFileType = sourcecode.swift; path = ExpandPlayer.swift; sourceTree = "<group>"; };
		C1220AF329EFCA270036BCAD /* TimeTrackView.swift */ = {isa = PBXFileReference; lastKnownFileType = sourcecode.swift; path = TimeTrackView.swift; sourceTree = "<group>"; };
		C1220AF529EFCABD0036BCAD /* PlaybackTrackView.swift */ = {isa = PBXFileReference; lastKnownFileType = sourcecode.swift; path = PlaybackTrackView.swift; sourceTree = "<group>"; };
		C1220AF729EFCB660036BCAD /* BottomPanel.swift */ = {isa = PBXFileReference; lastKnownFileType = sourcecode.swift; path = BottomPanel.swift; sourceTree = "<group>"; };
		C1220AFB29EFD01D0036BCAD /* SearchBar.swift */ = {isa = PBXFileReference; lastKnownFileType = sourcecode.swift; path = SearchBar.swift; sourceTree = "<group>"; };
		C1220AFD29EFFBBC0036BCAD /* SearchTextField.swift */ = {isa = PBXFileReference; lastKnownFileType = sourcecode.swift; path = SearchTextField.swift; sourceTree = "<group>"; };
		C1220AFF29F002100036BCAD /* SearchAlbumAndTrack.swift */ = {isa = PBXFileReference; lastKnownFileType = sourcecode.swift; path = SearchAlbumAndTrack.swift; sourceTree = "<group>"; };
		C1220B0329F003420036BCAD /* TrackRow.swift */ = {isa = PBXFileReference; lastKnownFileType = sourcecode.swift; path = TrackRow.swift; sourceTree = "<group>"; };
		C1220B0529F0034E0036BCAD /* AlbumRow.swift */ = {isa = PBXFileReference; lastKnownFileType = sourcecode.swift; path = AlbumRow.swift; sourceTree = "<group>"; };
		C1220B0C29F017CD0036BCAD /* SearchCategory.swift */ = {isa = PBXFileReference; lastKnownFileType = sourcecode.swift; path = SearchCategory.swift; sourceTree = "<group>"; };
		C1220B0E29F01AB40036BCAD /* PlugView.swift */ = {isa = PBXFileReference; lastKnownFileType = sourcecode.swift; path = PlugView.swift; sourceTree = "<group>"; };
		C12CCEE129DD8C4F0027F593 /* RadioView.swift */ = {isa = PBXFileReference; lastKnownFileType = sourcecode.swift; path = RadioView.swift; sourceTree = "<group>"; };
		C12CCEE329DDA1720027F593 /* RadioModel.swift */ = {isa = PBXFileReference; lastKnownFileType = sourcecode.swift; path = RadioModel.swift; sourceTree = "<group>"; };
		C12CCEE529DDA2CE0027F593 /* RadioViewModel.swift */ = {isa = PBXFileReference; lastKnownFileType = sourcecode.swift; path = RadioViewModel.swift; sourceTree = "<group>"; };
		C12CCEF529DDCBE10027F593 /* HorizontalPlaylistRow.swift */ = {isa = PBXFileReference; lastKnownFileType = sourcecode.swift; path = HorizontalPlaylistRow.swift; sourceTree = "<group>"; };
		C12CCEF729DDCC1B0027F593 /* RadioStationsRow.swift */ = {isa = PBXFileReference; lastKnownFileType = sourcecode.swift; path = RadioStationsRow.swift; sourceTree = "<group>"; };
		C12F7CF129F1633A0091B9C3 /* KeyboardReadable.swift */ = {isa = PBXFileReference; lastKnownFileType = sourcecode.swift; path = KeyboardReadable.swift; sourceTree = "<group>"; };
		C143A37729D5A16F00B86503 /* MediaViewModel.swift */ = {isa = PBXFileReference; lastKnownFileType = sourcecode.swift; path = MediaViewModel.swift; sourceTree = "<group>"; };
		C18CF5B529D488C800CCC443 /* AppleMusicSwiftUI.app */ = {isa = PBXFileReference; explicitFileType = wrapper.application; includeInIndex = 0; path = AppleMusicSwiftUI.app; sourceTree = BUILT_PRODUCTS_DIR; };
		C18CF5B829D488C800CCC443 /* AppleMusicSwiftUIApp.swift */ = {isa = PBXFileReference; lastKnownFileType = sourcecode.swift; path = AppleMusicSwiftUIApp.swift; sourceTree = "<group>"; };
		C18CF5BA29D488C800CCC443 /* ContentView.swift */ = {isa = PBXFileReference; lastKnownFileType = sourcecode.swift; path = ContentView.swift; sourceTree = "<group>"; };
		C18CF5BC29D488CA00CCC443 /* Assets.xcassets */ = {isa = PBXFileReference; lastKnownFileType = folder.assetcatalog; path = Assets.xcassets; sourceTree = "<group>"; };
		C18CF5BF29D488CA00CCC443 /* Preview Assets.xcassets */ = {isa = PBXFileReference; lastKnownFileType = folder.assetcatalog; path = "Preview Assets.xcassets"; sourceTree = "<group>"; };
		C18CF5C629D4898000CCC443 /* Info.plist */ = {isa = PBXFileReference; lastKnownFileType = text.plist; path = Info.plist; sourceTree = "<group>"; };
		C18CF5C929D489D800CCC443 /* MediaView.swift */ = {isa = PBXFileReference; lastKnownFileType = sourcecode.swift; path = MediaView.swift; sourceTree = "<group>"; };
		C18CF5CB29D48A3600CCC443 /* PlayerView.swift */ = {isa = PBXFileReference; lastKnownFileType = sourcecode.swift; path = PlayerView.swift; sourceTree = "<group>"; };
		C18CF5CF29D48A7200CCC443 /* TabViewAppleMusic.swift */ = {isa = PBXFileReference; lastKnownFileType = sourcecode.swift; path = TabViewAppleMusic.swift; sourceTree = "<group>"; };
		C18CF5D129D48E3D00CCC443 /* MediaList.swift */ = {isa = PBXFileReference; lastKnownFileType = sourcecode.swift; path = MediaList.swift; sourceTree = "<group>"; };
		C18CF5D729D4914900CCC443 /* MediaModel.swift */ = {isa = PBXFileReference; lastKnownFileType = sourcecode.swift; path = MediaModel.swift; sourceTree = "<group>"; };
		C18CF5DA29D4942700CCC443 /* MediaRow.swift */ = {isa = PBXFileReference; lastKnownFileType = sourcecode.swift; path = MediaRow.swift; sourceTree = "<group>"; };
		C18CF5DD29D55DCB00CCC443 /* EditMode+Ext.swift */ = {isa = PBXFileReference; lastKnownFileType = sourcecode.swift; path = "EditMode+Ext.swift"; sourceTree = "<group>"; };
		C18CF5E029D571C500CCC443 /* Colors.swift */ = {isa = PBXFileReference; lastKnownFileType = sourcecode.swift; path = Colors.swift; sourceTree = "<group>"; };
/* End PBXFileReference section */

/* Begin PBXFrameworksBuildPhase section */
		C18CF5B229D488C800CCC443 /* Frameworks */ = {
			isa = PBXFrameworksBuildPhase;
			buildActionMask = 2147483647;
			files = (
			);
			runOnlyForDeploymentPostprocessing = 0;
		};
/* End PBXFrameworksBuildPhase section */

/* Begin PBXGroup section */
		C1220AD829EA93910036BCAD /* Search */ = {
			isa = PBXGroup;
			children = (
				C1220AD929EA93B10036BCAD /* Model */,
				C1220ADA29EA93B50036BCAD /* ViewModel */,
				C1220ADB29EA93BA0036BCAD /* Views */,
			);
			path = Search;
			sourceTree = "<group>";
		};
		C1220AD929EA93B10036BCAD /* Model */ = {
			isa = PBXGroup;
			children = (
				C1220AE629ED7F1F0036BCAD /* SearchModel.swift */,
			);
			path = Model;
			sourceTree = "<group>";
		};
		C1220ADA29EA93B50036BCAD /* ViewModel */ = {
			isa = PBXGroup;
			children = (
				C1220AE829ED7FF70036BCAD /* SearchViewModel.swift */,
				C1220AEA29ED8C660036BCAD /* DetailSearchViewModel.swift */,
			);
			path = ViewModel;
			sourceTree = "<group>";
		};
		C1220ADB29EA93BA0036BCAD /* Views */ = {
			isa = PBXGroup;
			children = (
				C1220ADC29EA93E40036BCAD /* SearchView.swift */,
				C1220B0C29F017CD0036BCAD /* SearchCategory.swift */,
				C1220AFD29EFFBBC0036BCAD /* SearchTextField.swift */,
				C1220B0229F003110036BCAD /* SearchBar */,
				C1220B0129F003080036BCAD /* Detail */,
			);
			path = Views;
			sourceTree = "<group>";
		};
		C1220AEC29EE9DB90036BCAD /* Common */ = {
			isa = PBXGroup;
			children = (
				C12CCEF529DDCBE10027F593 /* HorizontalPlaylistRow.swift */,
				C1220AED29EE9DD10036BCAD /* BlurView.swift */,
				C1220B0E29F01AB40036BCAD /* PlugView.swift */,
				C12F7CF129F1633A0091B9C3 /* KeyboardReadable.swift */,
			);
			path = Common;
			sourceTree = "<group>";
		};
		C1220B0129F003080036BCAD /* Detail */ = {
			isa = PBXGroup;
			children = (
				C1220ADE29EAF6E20036BCAD /* DetailSearchView.swift */,
				C1220AE429ED7DB80036BCAD /* DetailSetPlaylist.swift */,
			);
			path = Detail;
			sourceTree = "<group>";
		};
		C1220B0229F003110036BCAD /* SearchBar */ = {
			isa = PBXGroup;
			children = (
				C1220AFB29EFD01D0036BCAD /* SearchBar.swift */,
				C1220AFF29F002100036BCAD /* SearchAlbumAndTrack.swift */,
				C1220B0329F003420036BCAD /* TrackRow.swift */,
				C1220B0529F0034E0036BCAD /* AlbumRow.swift */,
			);
			path = SearchBar;
			sourceTree = "<group>";
		};
		C12CCEEB29DDA92C0027F593 /* Views */ = {
			isa = PBXGroup;
			children = (
				C12CCEE129DD8C4F0027F593 /* RadioView.swift */,
				C12CCEF729DDCC1B0027F593 /* RadioStationsRow.swift */,
			);
			path = Views;
			sourceTree = "<group>";
		};
		C12CCEEC29DDA9330027F593 /* Model */ = {
			isa = PBXGroup;
			children = (
				C12CCEE329DDA1720027F593 /* RadioModel.swift */,
			);
			path = Model;
			sourceTree = "<group>";
		};
		C12CCEED29DDA9380027F593 /* ViewModel */ = {
			isa = PBXGroup;
			children = (
				C12CCEE529DDA2CE0027F593 /* RadioViewModel.swift */,
			);
			path = ViewModel;
			sourceTree = "<group>";
		};
		C12CCEEE29DDA94D0027F593 /* Radio */ = {
			isa = PBXGroup;
			children = (
				C12CCEEC29DDA9330027F593 /* Model */,
				C12CCEED29DDA9380027F593 /* ViewModel */,
				C12CCEEB29DDA92C0027F593 /* Views */,
			);
			path = Radio;
			sourceTree = "<group>";
		};
		C143A37529D5A15600B86503 /* ViewModel */ = {
			isa = PBXGroup;
			children = (
				C143A37729D5A16F00B86503 /* MediaViewModel.swift */,
			);
			path = ViewModel;
			sourceTree = "<group>";
		};
		C143A37629D5A15E00B86503 /* Modules */ = {
			isa = PBXGroup;
			children = (
				C143A37929D5A39400B86503 /* Media */,
				C12CCEEE29DDA94D0027F593 /* Radio */,
				C1220AD829EA93910036BCAD /* Search */,
				C18CF5D529D48EDC00CCC443 /* Player */,
				C18CF5D329D48E6A00CCC443 /* TabView */,
			);
			path = Modules;
			sourceTree = "<group>";
		};
		C143A37929D5A39400B86503 /* Media */ = {
			isa = PBXGroup;
			children = (
				C18CF5D929D4914E00CCC443 /* Model */,
				C143A37529D5A15600B86503 /* ViewModel */,
				C18CF5C729D4899400CCC443 /* Views */,
			);
			path = Media;
			sourceTree = "<group>";
		};
		C18CF5AC29D488C800CCC443 = {
			isa = PBXGroup;
			children = (
				C18CF5B729D488C800CCC443 /* AppleMusicSwiftUI */,
				C18CF5B629D488C800CCC443 /* Products */,
			);
			sourceTree = "<group>";
		};
		C18CF5B629D488C800CCC443 /* Products */ = {
			isa = PBXGroup;
			children = (
				C18CF5B529D488C800CCC443 /* AppleMusicSwiftUI.app */,
			);
			name = Products;
			sourceTree = "<group>";
		};
		C18CF5B729D488C800CCC443 /* AppleMusicSwiftUI */ = {
			isa = PBXGroup;
			children = (
				C18CF5B829D488C800CCC443 /* AppleMusicSwiftUIApp.swift */,
				C18CF5BA29D488C800CCC443 /* ContentView.swift */,
				C18CF5DC29D55DAA00CCC443 /* Extension */,
				C18CF5DF29D571B800CCC443 /* Constants */,
				C1220AEC29EE9DB90036BCAD /* Common */,
				C143A37629D5A15E00B86503 /* Modules */,
				C18CF5C629D4898000CCC443 /* Info.plist */,
				C18CF5BC29D488CA00CCC443 /* Assets.xcassets */,
				C18CF5BE29D488CA00CCC443 /* Preview Content */,
			);
			path = AppleMusicSwiftUI;
			sourceTree = "<group>";
		};
		C18CF5BE29D488CA00CCC443 /* Preview Content */ = {
			isa = PBXGroup;
			children = (
				C18CF5BF29D488CA00CCC443 /* Preview Assets.xcassets */,
			);
			path = "Preview Content";
			sourceTree = "<group>";
		};
		C18CF5C729D4899400CCC443 /* Views */ = {
			isa = PBXGroup;
			children = (
				C18CF5C929D489D800CCC443 /* MediaView.swift */,
				C18CF5D129D48E3D00CCC443 /* MediaList.swift */,
				C18CF5DA29D4942700CCC443 /* MediaRow.swift */,
			);
			path = Views;
			sourceTree = "<group>";
		};
		C18CF5D329D48E6A00CCC443 /* TabView */ = {
			isa = PBXGroup;
			children = (
				C18CF5CF29D48A7200CCC443 /* TabViewAppleMusic.swift */,
			);
			path = TabView;
			sourceTree = "<group>";
		};
		C18CF5D529D48EDC00CCC443 /* Player */ = {
			isa = PBXGroup;
			children = (
				C18CF5CB29D48A3600CCC443 /* PlayerView.swift */,
				C1220AEF29EED3BE0036BCAD /* MiniPlayer.swift */,
				C1220AF129EED5160036BCAD /* ExpandPlayer.swift */,
				C1220AF329EFCA270036BCAD /* TimeTrackView.swift */,
				C1220AF529EFCABD0036BCAD /* PlaybackTrackView.swift */,
				C1220AF729EFCB660036BCAD /* BottomPanel.swift */,
			);
			path = Player;
			sourceTree = "<group>";
		};
		C18CF5D929D4914E00CCC443 /* Model */ = {
			isa = PBXGroup;
			children = (
				C18CF5D729D4914900CCC443 /* MediaModel.swift */,
			);
			path = Model;
			sourceTree = "<group>";
		};
		C18CF5DC29D55DAA00CCC443 /* Extension */ = {
			isa = PBXGroup;
			children = (
				C18CF5DD29D55DCB00CCC443 /* EditMode+Ext.swift */,
			);
			path = Extension;
			sourceTree = "<group>";
		};
		C18CF5DF29D571B800CCC443 /* Constants */ = {
			isa = PBXGroup;
			children = (
				C18CF5E029D571C500CCC443 /* Colors.swift */,
			);
			path = Constants;
			sourceTree = "<group>";
		};
/* End PBXGroup section */

/* Begin PBXNativeTarget section */
		C18CF5B429D488C800CCC443 /* AppleMusicSwiftUI */ = {
			isa = PBXNativeTarget;
			buildConfigurationList = C18CF5C329D488CA00CCC443 /* Build configuration list for PBXNativeTarget "AppleMusicSwiftUI" */;
			buildPhases = (
				C18CF5B129D488C800CCC443 /* Sources */,
				C18CF5B229D488C800CCC443 /* Frameworks */,
				C18CF5B329D488C800CCC443 /* Resources */,
			);
			buildRules = (
			);
			dependencies = (
			);
			name = AppleMusicSwiftUI;
			productName = AppleMusicSwiftUI;
			productReference = C18CF5B529D488C800CCC443 /* AppleMusicSwiftUI.app */;
			productType = "com.apple.product-type.application";
		};
/* End PBXNativeTarget section */

/* Begin PBXProject section */
		C18CF5AD29D488C800CCC443 /* Project object */ = {
			isa = PBXProject;
			attributes = {
				BuildIndependentTargetsInParallel = 1;
				LastSwiftUpdateCheck = 1420;
				LastUpgradeCheck = 1420;
				TargetAttributes = {
					C18CF5B429D488C800CCC443 = {
						CreatedOnToolsVersion = 14.2;
					};
				};
			};
			buildConfigurationList = C18CF5B029D488C800CCC443 /* Build configuration list for PBXProject "AppleMusicSwiftUI" */;
			compatibilityVersion = "Xcode 14.0";
			developmentRegion = en;
			hasScannedForEncodings = 0;
			knownRegions = (
				en,
				Base,
			);
			mainGroup = C18CF5AC29D488C800CCC443;
			productRefGroup = C18CF5B629D488C800CCC443 /* Products */;
			projectDirPath = "";
			projectRoot = "";
			targets = (
				C18CF5B429D488C800CCC443 /* AppleMusicSwiftUI */,
			);
		};
/* End PBXProject section */

/* Begin PBXResourcesBuildPhase section */
		C18CF5B329D488C800CCC443 /* Resources */ = {
			isa = PBXResourcesBuildPhase;
			buildActionMask = 2147483647;
			files = (
				C18CF5C029D488CA00CCC443 /* Preview Assets.xcassets in Resources */,
				C18CF5BD29D488CA00CCC443 /* Assets.xcassets in Resources */,
			);
			runOnlyForDeploymentPostprocessing = 0;
		};
/* End PBXResourcesBuildPhase section */

/* Begin PBXSourcesBuildPhase section */
		C18CF5B129D488C800CCC443 /* Sources */ = {
			isa = PBXSourcesBuildPhase;
			buildActionMask = 2147483647;
			files = (
				C1220AE929ED7FF70036BCAD /* SearchViewModel.swift in Sources */,
				C18CF5DE29D55DCB00CCC443 /* EditMode+Ext.swift in Sources */,
				C18CF5E129D571C500CCC443 /* Colors.swift in Sources */,
				C18CF5D229D48E3D00CCC443 /* MediaList.swift in Sources */,
				C12CCEE429DDA1720027F593 /* RadioModel.swift in Sources */,
				C18CF5BB29D488C800CCC443 /* ContentView.swift in Sources */,
				C1220B0F29F01AB40036BCAD /* PlugView.swift in Sources */,
				C1220AE529ED7DB80036BCAD /* DetailSetPlaylist.swift in Sources */,
				C18CF5D029D48A7200CCC443 /* TabViewAppleMusic.swift in Sources */,
				C12CCEE629DDA2CE0027F593 /* RadioViewModel.swift in Sources */,
				C18CF5CA29D489D900CCC443 /* MediaView.swift in Sources */,
				C12CCEE229DD8C4F0027F593 /* RadioView.swift in Sources */,
				C1220ADF29EAF6E20036BCAD /* DetailSearchView.swift in Sources */,
				C1220B0629F0034E0036BCAD /* AlbumRow.swift in Sources */,
				C12F7CF229F1633A0091B9C3 /* KeyboardReadable.swift in Sources */,
				C1220B0D29F017CD0036BCAD /* SearchCategory.swift in Sources */,
				C18CF5D829D4914900CCC443 /* MediaModel.swift in Sources */,
				C1220B0029F002100036BCAD /* SearchAlbumAndTrack.swift in Sources */,
				C1220ADD29EA93E40036BCAD /* SearchView.swift in Sources */,
				C1220AF029EED3BE0036BCAD /* MiniPlayer.swift in Sources */,
				C18CF5DB29D4942700CCC443 /* MediaRow.swift in Sources */,
				C18CF5CC29D48A3600CCC443 /* PlayerView.swift in Sources */,
				C1220AFC29EFD01D0036BCAD /* SearchBar.swift in Sources */,
				C1220AF629EFCABD0036BCAD /* PlaybackTrackView.swift in Sources */,
				C12CCEF629DDCBE10027F593 /* HorizontalPlaylistRow.swift in Sources */,
				C1220AF829EFCB660036BCAD /* BottomPanel.swift in Sources */,
				C1220AFE29EFFBBC0036BCAD /* SearchTextField.swift in Sources */,
				C1220AEE29EE9DD10036BCAD /* BlurView.swift in Sources */,
				C1220AF229EED5160036BCAD /* ExpandPlayer.swift in Sources */,
				C143A37829D5A16F00B86503 /* MediaViewModel.swift in Sources */,
				C1220AE729ED7F1F0036BCAD /* SearchModel.swift in Sources */,
				C1220AEB29ED8C660036BCAD /* DetailSearchViewModel.swift in Sources */,
				C1220AF429EFCA270036BCAD /* TimeTrackView.swift in Sources */,
				C18CF5B929D488C800CCC443 /* AppleMusicSwiftUIApp.swift in Sources */,
				C1220B0429F003420036BCAD /* TrackRow.swift in Sources */,
				C12CCEF829DDCC1B0027F593 /* RadioStationsRow.swift in Sources */,
			);
			runOnlyForDeploymentPostprocessing = 0;
		};
/* End PBXSourcesBuildPhase section */

/* Begin XCBuildConfiguration section */
		C18CF5C129D488CA00CCC443 /* Debug */ = {
			isa = XCBuildConfiguration;
			buildSettings = {
				ALWAYS_SEARCH_USER_PATHS = NO;
				CLANG_ANALYZER_NONNULL = YES;
				CLANG_ANALYZER_NUMBER_OBJECT_CONVERSION = YES_AGGRESSIVE;
				CLANG_CXX_LANGUAGE_STANDARD = "gnu++20";
				CLANG_ENABLE_MODULES = YES;
				CLANG_ENABLE_OBJC_ARC = YES;
				CLANG_ENABLE_OBJC_WEAK = YES;
				CLANG_WARN_BLOCK_CAPTURE_AUTORELEASING = YES;
				CLANG_WARN_BOOL_CONVERSION = YES;
				CLANG_WARN_COMMA = YES;
				CLANG_WARN_CONSTANT_CONVERSION = YES;
				CLANG_WARN_DEPRECATED_OBJC_IMPLEMENTATIONS = YES;
				CLANG_WARN_DIRECT_OBJC_ISA_USAGE = YES_ERROR;
				CLANG_WARN_DOCUMENTATION_COMMENTS = YES;
				CLANG_WARN_EMPTY_BODY = YES;
				CLANG_WARN_ENUM_CONVERSION = YES;
				CLANG_WARN_INFINITE_RECURSION = YES;
				CLANG_WARN_INT_CONVERSION = YES;
				CLANG_WARN_NON_LITERAL_NULL_CONVERSION = YES;
				CLANG_WARN_OBJC_IMPLICIT_RETAIN_SELF = YES;
				CLANG_WARN_OBJC_LITERAL_CONVERSION = YES;
				CLANG_WARN_OBJC_ROOT_CLASS = YES_ERROR;
				CLANG_WARN_QUOTED_INCLUDE_IN_FRAMEWORK_HEADER = YES;
				CLANG_WARN_RANGE_LOOP_ANALYSIS = YES;
				CLANG_WARN_STRICT_PROTOTYPES = YES;
				CLANG_WARN_SUSPICIOUS_MOVE = YES;
				CLANG_WARN_UNGUARDED_AVAILABILITY = YES_AGGRESSIVE;
				CLANG_WARN_UNREACHABLE_CODE = YES;
				CLANG_WARN__DUPLICATE_METHOD_MATCH = YES;
				COPY_PHASE_STRIP = NO;
				DEBUG_INFORMATION_FORMAT = dwarf;
				ENABLE_STRICT_OBJC_MSGSEND = YES;
				ENABLE_TESTABILITY = YES;
				GCC_C_LANGUAGE_STANDARD = gnu11;
				GCC_DYNAMIC_NO_PIC = NO;
				GCC_NO_COMMON_BLOCKS = YES;
				GCC_OPTIMIZATION_LEVEL = 0;
				GCC_PREPROCESSOR_DEFINITIONS = (
					"DEBUG=1",
					"$(inherited)",
				);
				GCC_WARN_64_TO_32_BIT_CONVERSION = YES;
				GCC_WARN_ABOUT_RETURN_TYPE = YES_ERROR;
				GCC_WARN_UNDECLARED_SELECTOR = YES;
				GCC_WARN_UNINITIALIZED_AUTOS = YES_AGGRESSIVE;
				GCC_WARN_UNUSED_FUNCTION = YES;
				GCC_WARN_UNUSED_VARIABLE = YES;
				IPHONEOS_DEPLOYMENT_TARGET = 16.2;
				MTL_ENABLE_DEBUG_INFO = INCLUDE_SOURCE;
				MTL_FAST_MATH = YES;
				ONLY_ACTIVE_ARCH = YES;
				SDKROOT = iphoneos;
				SWIFT_ACTIVE_COMPILATION_CONDITIONS = DEBUG;
				SWIFT_OPTIMIZATION_LEVEL = "-Onone";
			};
			name = Debug;
		};
		C18CF5C229D488CA00CCC443 /* Release */ = {
			isa = XCBuildConfiguration;
			buildSettings = {
				ALWAYS_SEARCH_USER_PATHS = NO;
				CLANG_ANALYZER_NONNULL = YES;
				CLANG_ANALYZER_NUMBER_OBJECT_CONVERSION = YES_AGGRESSIVE;
				CLANG_CXX_LANGUAGE_STANDARD = "gnu++20";
				CLANG_ENABLE_MODULES = YES;
				CLANG_ENABLE_OBJC_ARC = YES;
				CLANG_ENABLE_OBJC_WEAK = YES;
				CLANG_WARN_BLOCK_CAPTURE_AUTORELEASING = YES;
				CLANG_WARN_BOOL_CONVERSION = YES;
				CLANG_WARN_COMMA = YES;
				CLANG_WARN_CONSTANT_CONVERSION = YES;
				CLANG_WARN_DEPRECATED_OBJC_IMPLEMENTATIONS = YES;
				CLANG_WARN_DIRECT_OBJC_ISA_USAGE = YES_ERROR;
				CLANG_WARN_DOCUMENTATION_COMMENTS = YES;
				CLANG_WARN_EMPTY_BODY = YES;
				CLANG_WARN_ENUM_CONVERSION = YES;
				CLANG_WARN_INFINITE_RECURSION = YES;
				CLANG_WARN_INT_CONVERSION = YES;
				CLANG_WARN_NON_LITERAL_NULL_CONVERSION = YES;
				CLANG_WARN_OBJC_IMPLICIT_RETAIN_SELF = YES;
				CLANG_WARN_OBJC_LITERAL_CONVERSION = YES;
				CLANG_WARN_OBJC_ROOT_CLASS = YES_ERROR;
				CLANG_WARN_QUOTED_INCLUDE_IN_FRAMEWORK_HEADER = YES;
				CLANG_WARN_RANGE_LOOP_ANALYSIS = YES;
				CLANG_WARN_STRICT_PROTOTYPES = YES;
				CLANG_WARN_SUSPICIOUS_MOVE = YES;
				CLANG_WARN_UNGUARDED_AVAILABILITY = YES_AGGRESSIVE;
				CLANG_WARN_UNREACHABLE_CODE = YES;
				CLANG_WARN__DUPLICATE_METHOD_MATCH = YES;
				COPY_PHASE_STRIP = NO;
				DEBUG_INFORMATION_FORMAT = "dwarf-with-dsym";
				ENABLE_NS_ASSERTIONS = NO;
				ENABLE_STRICT_OBJC_MSGSEND = YES;
				GCC_C_LANGUAGE_STANDARD = gnu11;
				GCC_NO_COMMON_BLOCKS = YES;
				GCC_WARN_64_TO_32_BIT_CONVERSION = YES;
				GCC_WARN_ABOUT_RETURN_TYPE = YES_ERROR;
				GCC_WARN_UNDECLARED_SELECTOR = YES;
				GCC_WARN_UNINITIALIZED_AUTOS = YES_AGGRESSIVE;
				GCC_WARN_UNUSED_FUNCTION = YES;
				GCC_WARN_UNUSED_VARIABLE = YES;
				IPHONEOS_DEPLOYMENT_TARGET = 16.2;
				MTL_ENABLE_DEBUG_INFO = NO;
				MTL_FAST_MATH = YES;
				SDKROOT = iphoneos;
				SWIFT_COMPILATION_MODE = wholemodule;
				SWIFT_OPTIMIZATION_LEVEL = "-O";
				VALIDATE_PRODUCT = YES;
			};
			name = Release;
		};
		C18CF5C429D488CA00CCC443 /* Debug */ = {
			isa = XCBuildConfiguration;
			buildSettings = {
				ASSETCATALOG_COMPILER_APPICON_NAME = AppIcon;
				ASSETCATALOG_COMPILER_GLOBAL_ACCENT_COLOR_NAME = AccentColor;
				CODE_SIGN_STYLE = Automatic;
				CURRENT_PROJECT_VERSION = 1;
				DEVELOPMENT_ASSET_PATHS = "\"AppleMusicSwiftUI/Preview Content\"";
				DEVELOPMENT_TEAM = KD67T552T3;
				ENABLE_PREVIEWS = YES;
				GENERATE_INFOPLIST_FILE = YES;
				INFOPLIST_FILE = AppleMusicSwiftUI/Info.plist;
				INFOPLIST_KEY_UIApplicationSupportsIndirectInputEvents = YES;
				INFOPLIST_KEY_UILaunchScreen_Generation = YES;
				INFOPLIST_KEY_UISupportedInterfaceOrientations = UIInterfaceOrientationPortrait;
				INFOPLIST_KEY_UISupportedInterfaceOrientations_iPad = "UIInterfaceOrientationLandscapeLeft UIInterfaceOrientationLandscapeRight UIInterfaceOrientationPortrait UIInterfaceOrientationPortraitUpsideDown";
				IPHONEOS_DEPLOYMENT_TARGET = 15.0;
				LD_RUNPATH_SEARCH_PATHS = (
					"$(inherited)",
					"@executable_path/Frameworks",
				);
				MARKETING_VERSION = 1.0;
				PRODUCT_BUNDLE_IDENTIFIER = com.my.AppleMusicSwiftUI;
				PRODUCT_NAME = "$(TARGET_NAME)";
				SUPPORTED_PLATFORMS = "iphoneos iphonesimulator";
				SUPPORTS_MACCATALYST = NO;
				SUPPORTS_MAC_DESIGNED_FOR_IPHONE_IPAD = NO;
				SWIFT_EMIT_LOC_STRINGS = YES;
				SWIFT_VERSION = 5.0;
				TARGETED_DEVICE_FAMILY = 1;
			};
			name = Debug;
		};
		C18CF5C529D488CA00CCC443 /* Release */ = {
			isa = XCBuildConfiguration;
			buildSettings = {
				ASSETCATALOG_COMPILER_APPICON_NAME = AppIcon;
				ASSETCATALOG_COMPILER_GLOBAL_ACCENT_COLOR_NAME = AccentColor;
				CODE_SIGN_STYLE = Automatic;
				CURRENT_PROJECT_VERSION = 1;
				DEVELOPMENT_ASSET_PATHS = "\"AppleMusicSwiftUI/Preview Content\"";
				DEVELOPMENT_TEAM = KD67T552T3;
				ENABLE_PREVIEWS = YES;
				GENERATE_INFOPLIST_FILE = YES;
				INFOPLIST_FILE = AppleMusicSwiftUI/Info.plist;
				INFOPLIST_KEY_UIApplicationSupportsIndirectInputEvents = YES;
				INFOPLIST_KEY_UILaunchScreen_Generation = YES;
				INFOPLIST_KEY_UISupportedInterfaceOrientations = UIInterfaceOrientationPortrait;
				INFOPLIST_KEY_UISupportedInterfaceOrientations_iPad = "UIInterfaceOrientationLandscapeLeft UIInterfaceOrientationLandscapeRight UIInterfaceOrientationPortrait UIInterfaceOrientationPortraitUpsideDown";
				IPHONEOS_DEPLOYMENT_TARGET = 15.0;
				LD_RUNPATH_SEARCH_PATHS = (
					"$(inherited)",
					"@executable_path/Frameworks",
				);
				MARKETING_VERSION = 1.0;
				PRODUCT_BUNDLE_IDENTIFIER = com.my.AppleMusicSwiftUI;
				PRODUCT_NAME = "$(TARGET_NAME)";
				SUPPORTED_PLATFORMS = "iphoneos iphonesimulator";
				SUPPORTS_MACCATALYST = NO;
				SUPPORTS_MAC_DESIGNED_FOR_IPHONE_IPAD = NO;
				SWIFT_EMIT_LOC_STRINGS = YES;
				SWIFT_VERSION = 5.0;
				TARGETED_DEVICE_FAMILY = 1;
			};
			name = Release;
		};
/* End XCBuildConfiguration section */

/* Begin XCConfigurationList section */
		C18CF5B029D488C800CCC443 /* Build configuration list for PBXProject "AppleMusicSwiftUI" */ = {
			isa = XCConfigurationList;
			buildConfigurations = (
				C18CF5C129D488CA00CCC443 /* Debug */,
				C18CF5C229D488CA00CCC443 /* Release */,
			);
			defaultConfigurationIsVisible = 0;
			defaultConfigurationName = Release;
		};
		C18CF5C329D488CA00CCC443 /* Build configuration list for PBXNativeTarget "AppleMusicSwiftUI" */ = {
			isa = XCConfigurationList;
			buildConfigurations = (
				C18CF5C429D488CA00CCC443 /* Debug */,
				C18CF5C529D488CA00CCC443 /* Release */,
			);
			defaultConfigurationIsVisible = 0;
			defaultConfigurationName = Release;
		};
/* End XCConfigurationList section */
	};
	rootObject = C18CF5AD29D488C800CCC443 /* Project object */;
}
